
Microsoft Visual Studio Solution File, Format Version 12.00
# Visual Studio Version 17
VisualStudioVersion = 17.0.31903.59
MinimumVisualStudioVersion = 10.0.40219.1
Project("{2150E333-8FDC-42A3-9474-1A3956D46DE8}") = "Catalog", "Catalog", "{81870A3D-B665-498B-B7C5-99D6DCF70B48}"
EndProject
Project("{9A19103F-16F7-4668-BE54-9A1E7A4F7556}") = "Catalog.Api", "Catalog\Catalog.Api\Catalog.Api.csproj", "{1E4298CE-565A-4AD4-8F0E-AD4D996F5873}"
EndProject
Project("{2150E333-8FDC-42A3-9474-1A3956D46DE8}") = "Shared", "Shared", "{31113F32-5AF2-4789-A814-209A7E85F460}"
EndProject
Project("{2150E333-8FDC-42A3-9474-1A3956D46DE8}") = "EventBus", "EventBus", "{F06B42C7-2576-4E69-81D1-93E46FAE63A7}"
EndProject
Project("{9A19103F-16F7-4668-BE54-9A1E7A4F7556}") = "EventBus", "Shared\EventBus\EventBus\EventBus.csproj", "{99BAC978-C418-432F-80B0-F60993F90828}"
EndProject
Project("{9A19103F-16F7-4668-BE54-9A1E7A4F7556}") = "IntegrationEventLog", "Shared\EventBus\IntegrationEventLog\IntegrationEventLog.csproj", "{BE2DE446-8D2F-438A-AA9E-D47716783904}"
EndProject
Project("{FAE04EC0-301F-11D3-BF4B-00C04F79EFBC}") = "ServiceBus", "Shared\EventBus\ServiceBus\ServiceBus.csproj", "{8285FEFC-FF1B-448E-9BD7-320F21DBCB78}"
EndProject
Global
	GlobalSection(SolutionConfigurationPlatforms) = preSolution
		Debug|Any CPU = Debug|Any CPU
		Release|Any CPU = Release|Any CPU
	EndGlobalSection
	GlobalSection(ProjectConfigurationPlatforms) = postSolution
		{1E4298CE-565A-4AD4-8F0E-AD4D996F5873}.Debug|Any CPU.ActiveCfg = Debug|Any CPU
		{1E4298CE-565A-4AD4-8F0E-AD4D996F5873}.Debug|Any CPU.Build.0 = Debug|Any CPU
		{1E4298CE-565A-4AD4-8F0E-AD4D996F5873}.Release|Any CPU.ActiveCfg = Release|Any CPU
		{1E4298CE-565A-4AD4-8F0E-AD4D996F5873}.Release|Any CPU.Build.0 = Release|Any CPU
		{99BAC978-C418-432F-80B0-F60993F90828}.Debug|Any CPU.ActiveCfg = Debug|Any CPU
		{99BAC978-C418-432F-80B0-F60993F90828}.Debug|Any CPU.Build.0 = Debug|Any CPU
		{99BAC978-C418-432F-80B0-F60993F90828}.Release|Any CPU.ActiveCfg = Release|Any CPU
		{99BAC978-C418-432F-80B0-F60993F90828}.Release|Any CPU.Build.0 = Release|Any CPU
		{BE2DE446-8D2F-438A-AA9E-D47716783904}.Debug|Any CPU.ActiveCfg = Debug|Any CPU
		{BE2DE446-8D2F-438A-AA9E-D47716783904}.Debug|Any CPU.Build.0 = Debug|Any CPU
		{BE2DE446-8D2F-438A-AA9E-D47716783904}.Release|Any CPU.ActiveCfg = Release|Any CPU
		{BE2DE446-8D2F-438A-AA9E-D47716783904}.Release|Any CPU.Build.0 = Release|Any CPU
		{8285FEFC-FF1B-448E-9BD7-320F21DBCB78}.Debug|Any CPU.ActiveCfg = Debug|Any CPU
		{8285FEFC-FF1B-448E-9BD7-320F21DBCB78}.Debug|Any CPU.Build.0 = Debug|Any CPU
		{8285FEFC-FF1B-448E-9BD7-320F21DBCB78}.Release|Any CPU.ActiveCfg = Release|Any CPU
		{8285FEFC-FF1B-448E-9BD7-320F21DBCB78}.Release|Any CPU.Build.0 = Release|Any CPU
	EndGlobalSection
	GlobalSection(SolutionProperties) = preSolution
		HideSolutionNode = FALSE
	EndGlobalSection
	GlobalSection(NestedProjects) = preSolution
		{1E4298CE-565A-4AD4-8F0E-AD4D996F5873} = {81870A3D-B665-498B-B7C5-99D6DCF70B48}
		{F06B42C7-2576-4E69-81D1-93E46FAE63A7} = {31113F32-5AF2-4789-A814-209A7E85F460}
		{99BAC978-C418-432F-80B0-F60993F90828} = {F06B42C7-2576-4E69-81D1-93E46FAE63A7}
		{BE2DE446-8D2F-438A-AA9E-D47716783904} = {F06B42C7-2576-4E69-81D1-93E46FAE63A7}
		{8285FEFC-FF1B-448E-9BD7-320F21DBCB78} = {F06B42C7-2576-4E69-81D1-93E46FAE63A7}
	EndGlobalSection
	GlobalSection(ExtensibilityGlobals) = postSolution
		SolutionGuid = {4B977923-5BCF-4DF1-B9F5-FFDCB829413A}
	EndGlobalSection
EndGlobal
